
Microsoft Visual Studio Solution File, Format Version 12.00
# Visual Studio 14
VisualStudioVersion = 14.0.25420.1
MinimumVisualStudioVersion = 10.0.40219.1
Project("{FAE04EC0-301F-11D3-BF4B-00C04F79EFBC}") = "WebApplication2", "WebApplication2\WebApplication2.csproj", "{0C7756B5-2D0C-44E7-8D56-4F59EBE9511E}"
EndProject
Project("{FAE04EC0-301F-11D3-BF4B-00C04F79EFBC}") = "DataLayer", "DataLayer\DataLayer.csproj", "{4E67AD0F-0BE2-4006-B34E-774C6F661868}"
EndProject
Global
	GlobalSection(SolutionConfigurationPlatforms) = preSolution
		Debug|Any CPU = Debug|Any CPU
		Release|Any CPU = Release|Any CPU
	EndGlobalSection
	GlobalSection(ProjectConfigurationPlatforms) = postSolution
		{0C7756B5-2D0C-44E7-8D56-4F59EBE9511E}.Debug|Any CPU.ActiveCfg = Debug|Any CPU
		{0C7756B5-2D0C-44E7-8D56-4F59EBE9511E}.Debug|Any CPU.Build.0 = Debug|Any CPU
		{0C7756B5-2D0C-44E7-8D56-4F59EBE9511E}.Release|Any CPU.ActiveCfg = Release|Any CPU
		{0C7756B5-2D0C-44E7-8D56-4F59EBE9511E}.Release|Any CPU.Build.0 = Release|Any CPU
		{4E67AD0F-0BE2-4006-B34E-774C6F661868}.Debug|Any CPU.ActiveCfg = Debug|Any CPU
		{4E67AD0F-0BE2-4006-B34E-774C6F661868}.Debug|Any CPU.Build.0 = Debug|Any CPU
		{4E67AD0F-0BE2-4006-B34E-774C6F661868}.Release|Any CPU.ActiveCfg = Release|Any CPU
		{4E67AD0F-0BE2-4006-B34E-774C6F661868}.Release|Any CPU.Build.0 = Release|Any CPU
	EndGlobalSection
	GlobalSection(SolutionProperties) = preSolution
		HideSolutionNode = FALSE
	EndGlobalSection
EndGlobal
